
Microsoft Visual Studio Solution File, Format Version 12.00
# Visual Studio 14
VisualStudioVersion = 14.0.25420.1
MinimumVisualStudioVersion = 10.0.40219.1
Project("{2150E333-8FDC-42A3-9474-1A3956D46DE8}") = "src", "src", "{5926D369-56E5-4A1D-8E7D-22F58D593C7B}"
EndProject
Project("{2150E333-8FDC-42A3-9474-1A3956D46DE8}") = "assets", "assets", "{51556D6C-A5D7-4E44-B2DA-7E1E2217C682}"
	ProjectSection(SolutionItems) = preProject
		global.json = global.json
		assets\Package.ps1 = assets\Package.ps1
		README.md = README.md
		assets\Restore.ps1 = assets\Restore.ps1
		assets\stacks.ruleset = assets\stacks.ruleset
	EndProjectSection
EndProject
Project("{2150E333-8FDC-42A3-9474-1A3956D46DE8}") = "test", "test", "{E59A74CA-04D4-43F0-9C6A-BE2E6380A240}"
EndProject
Project("{8BB2217D-0F2D-49D1-97BC-3654ED321F3B}") = "Slalom.Stacks", "src\Slalom.Stacks\Slalom.Stacks.xproj", "{E70069BC-7243-49DC-BA35-3ACE68519338}"
EndProject
Project("{8BB2217D-0F2D-49D1-97BC-3654ED321F3B}") = "Slalom.Stacks.ConsoleClient", "test\Slalom.Stacks.ConsoleClient\Slalom.Stacks.ConsoleClient.xproj", "{5E6A48C4-E458-4FF1-BF6C-7B65ABB2F6AB}"
EndProject
Project("{8BB2217D-0F2D-49D1-97BC-3654ED321F3B}") = "Slalom.Stacks.UnitTests", "test\Slalom.Stacks.UnitTests\Slalom.Stacks.UnitTests.xproj", "{F1F20ACF-22EE-440F-AC2E-4FBD9E042047}"
EndProject
Project("{8BB2217D-0F2D-49D1-97BC-3654ED321F3B}") = "Slalom.Stacks.TestKit", "src\Slalom.Stacks.TestKit\Slalom.Stacks.TestKit.xproj", "{BC0461ED-C80E-4F22-8946-3C656B323250}"
EndProject
Project("{8BB2217D-0F2D-49D1-97BC-3654ED321F3B}") = "Slalom.Stacks.Documentation", "src\Slalom.Stacks.Documentation\Slalom.Stacks.Documentation.xproj", "{0DDC4CE8-8743-4F1B-9EA4-90C9E056B95D}"
EndProject
Project("{8BB2217D-0F2D-49D1-97BC-3654ED321F3B}") = "Slalom.Stacks.PerformanceTests", "test\Slalom.Stacks.PerformanceTests\Slalom.Stacks.PerformanceTests.xproj", "{A3918348-267A-4F40-AED6-1BF35755944A}"
EndProject
Project("{2150E333-8FDC-42A3-9474-1A3956D46DE8}") = "documents", "documents", "{492DF1F3-810A-485E-866D-52B9AA7E3368}"
EndProject
Project("{2150E333-8FDC-42A3-9474-1A3956D46DE8}") = "Design", "Design", "{A4CF27AF-C3DF-4764-9DC2-5A8DE4CD42D5}"
	ProjectSection(SolutionItems) = preProject
		documents\1. Design\add-product-service-contract.md = documents\1. Design\add-product-service-contract.md
		documents\1. Design\add-product-use-case.md = documents\1. Design\add-product-use-case.md
		documents\1. Design\overview.md = documents\1. Design\overview.md
	EndProjectSection
EndProject
Project("{2150E333-8FDC-42A3-9474-1A3956D46DE8}") = "Development", "Development", "{502382AD-A9F4-4DCC-80A1-594053AF41C5}"
	ProjectSection(SolutionItems) = preProject
		documents\2. Development\overview.md = documents\2. Development\overview.md
	EndProjectSection
EndProject
Global
	GlobalSection(SolutionConfigurationPlatforms) = preSolution
		Debug|Any CPU = Debug|Any CPU
		Release|Any CPU = Release|Any CPU
	EndGlobalSection
	GlobalSection(ProjectConfigurationPlatforms) = postSolution
		{E70069BC-7243-49DC-BA35-3ACE68519338}.Debug|Any CPU.ActiveCfg = Debug|Any CPU
		{E70069BC-7243-49DC-BA35-3ACE68519338}.Debug|Any CPU.Build.0 = Debug|Any CPU
		{E70069BC-7243-49DC-BA35-3ACE68519338}.Release|Any CPU.ActiveCfg = Release|Any CPU
		{E70069BC-7243-49DC-BA35-3ACE68519338}.Release|Any CPU.Build.0 = Release|Any CPU
		{5E6A48C4-E458-4FF1-BF6C-7B65ABB2F6AB}.Debug|Any CPU.ActiveCfg = Debug|Any CPU
		{5E6A48C4-E458-4FF1-BF6C-7B65ABB2F6AB}.Debug|Any CPU.Build.0 = Debug|Any CPU
		{5E6A48C4-E458-4FF1-BF6C-7B65ABB2F6AB}.Release|Any CPU.ActiveCfg = Release|Any CPU
		{5E6A48C4-E458-4FF1-BF6C-7B65ABB2F6AB}.Release|Any CPU.Build.0 = Release|Any CPU
		{F1F20ACF-22EE-440F-AC2E-4FBD9E042047}.Debug|Any CPU.ActiveCfg = Debug|Any CPU
		{F1F20ACF-22EE-440F-AC2E-4FBD9E042047}.Debug|Any CPU.Build.0 = Debug|Any CPU
		{F1F20ACF-22EE-440F-AC2E-4FBD9E042047}.Release|Any CPU.ActiveCfg = Release|Any CPU
		{F1F20ACF-22EE-440F-AC2E-4FBD9E042047}.Release|Any CPU.Build.0 = Release|Any CPU
		{BC0461ED-C80E-4F22-8946-3C656B323250}.Debug|Any CPU.ActiveCfg = Debug|Any CPU
		{BC0461ED-C80E-4F22-8946-3C656B323250}.Debug|Any CPU.Build.0 = Debug|Any CPU
		{BC0461ED-C80E-4F22-8946-3C656B323250}.Release|Any CPU.ActiveCfg = Release|Any CPU
		{BC0461ED-C80E-4F22-8946-3C656B323250}.Release|Any CPU.Build.0 = Release|Any CPU
		{0DDC4CE8-8743-4F1B-9EA4-90C9E056B95D}.Debug|Any CPU.ActiveCfg = Debug|Any CPU
		{0DDC4CE8-8743-4F1B-9EA4-90C9E056B95D}.Debug|Any CPU.Build.0 = Debug|Any CPU
		{0DDC4CE8-8743-4F1B-9EA4-90C9E056B95D}.Release|Any CPU.ActiveCfg = Release|Any CPU
		{0DDC4CE8-8743-4F1B-9EA4-90C9E056B95D}.Release|Any CPU.Build.0 = Release|Any CPU
		{A3918348-267A-4F40-AED6-1BF35755944A}.Debug|Any CPU.ActiveCfg = Debug|Any CPU
		{A3918348-267A-4F40-AED6-1BF35755944A}.Debug|Any CPU.Build.0 = Debug|Any CPU
		{A3918348-267A-4F40-AED6-1BF35755944A}.Release|Any CPU.ActiveCfg = Release|Any CPU
		{A3918348-267A-4F40-AED6-1BF35755944A}.Release|Any CPU.Build.0 = Release|Any CPU
	EndGlobalSection
	GlobalSection(SolutionProperties) = preSolution
		HideSolutionNode = FALSE
	EndGlobalSection
	GlobalSection(NestedProjects) = preSolution
		{E70069BC-7243-49DC-BA35-3ACE68519338} = {5926D369-56E5-4A1D-8E7D-22F58D593C7B}
		{5E6A48C4-E458-4FF1-BF6C-7B65ABB2F6AB} = {E59A74CA-04D4-43F0-9C6A-BE2E6380A240}
		{F1F20ACF-22EE-440F-AC2E-4FBD9E042047} = {E59A74CA-04D4-43F0-9C6A-BE2E6380A240}
		{BC0461ED-C80E-4F22-8946-3C656B323250} = {5926D369-56E5-4A1D-8E7D-22F58D593C7B}
		{0DDC4CE8-8743-4F1B-9EA4-90C9E056B95D} = {5926D369-56E5-4A1D-8E7D-22F58D593C7B}
		{A3918348-267A-4F40-AED6-1BF35755944A} = {E59A74CA-04D4-43F0-9C6A-BE2E6380A240}
		{A4CF27AF-C3DF-4764-9DC2-5A8DE4CD42D5} = {492DF1F3-810A-485E-866D-52B9AA7E3368}
		{502382AD-A9F4-4DCC-80A1-594053AF41C5} = {492DF1F3-810A-485E-866D-52B9AA7E3368}
	EndGlobalSection
EndGlobal
